Microsoft Visual Studio Solution File, Format Version 12.00
# Visual Studio 15
VisualStudioVersion = 15.0.26430.14
MinimumVisualStudioVersion = 10.0.40219.1
Project("{FAE04EC0-301F-11D3-BF4B-00C04F79EFBC}") = "PaypalServerSdk.Standard", "PaypalServerSdk.Standard/PaypalServerSdk.Standard.csproj", "{e2b5f03b-3126-4eba-9b8f-d9fef12b897b}"
EndProject
Global
    GlobalSection(SolutionConfigurationPlatforms) = preSolution
        Debug|Any CPU = Debug|Any CPU
        Release|Any CPU = Release|Any CPU
    EndGlobalSection
    GlobalSection(ProjectConfigurationPlatforms) = postSolution
        {e2b5f03b-3126-4eba-9b8f-d9fef12b897b}.Debug|Any CPU.ActiveCfg = Debug|Any CPU
        {e2b5f03b-3126-4eba-9b8f-d9fef12b897b}.Debug|Any CPU.Build.0 = Debug|Any CPU
        {e2b5f03b-3126-4eba-9b8f-d9fef12b897b}.Release|Any CPU.ActiveCfg = Release|Any CPU
        {e2b5f03b-3126-4eba-9b8f-d9fef12b897b}.Release|Any CPU.Build.0 = Release|Any CPU
    EndGlobalSection
    GlobalSection(SolutionProperties) = preSolution
        HideSolutionNode = FALSE
    EndGlobalSection
EndGlobal
